
Microsoft Visual Studio Solution File, Format Version 12.00
# Visual Studio 15
VisualStudioVersion = 15.0.26730.15
MinimumVisualStudioVersion = 10.0.40219.1
Project("{FAE04EC0-301F-11D3-BF4B-00C04F79EFBC}") = "websocket", "websocket\websocket.csproj", "{F2C9E6AA-0E7B-4B35-9053-C40ED0E8152D}"
EndProject
Global
	GlobalSection(SolutionConfigurationPlatforms) = preSolution
		Debug|Any CPU = Debug|Any CPU
		Release|Any CPU = Release|Any CPU
	EndGlobalSection
	GlobalSection(ProjectConfigurationPlatforms) = postSolution
		{F2C9E6AA-0E7B-4B35-9053-C40ED0E8152D}.Debug|Any CPU.ActiveCfg = Debug|Any CPU
		{F2C9E6AA-0E7B-4B35-9053-C40ED0E8152D}.Debug|Any CPU.Build.0 = Debug|Any CPU
		{F2C9E6AA-0E7B-4B35-9053-C40ED0E8152D}.Release|Any CPU.ActiveCfg = Release|Any CPU
		{F2C9E6AA-0E7B-4B35-9053-C40ED0E8152D}.Release|Any CPU.Build.0 = Release|Any CPU
	EndGlobalSection
	GlobalSection(SolutionProperties) = preSolution
		HideSolutionNode = FALSE
	EndGlobalSection
	GlobalSection(ExtensibilityGlobals) = postSolution
		SolutionGuid = {7A593E44-202A-4A90-852D-C8543E4A2524}
	EndGlobalSection
EndGlobal
